
Microsoft Visual Studio Solution File, Format Version 11.00
# Visual Studio 2010
Project("{FAE04EC0-301F-11D3-BF4B-00C04F79EFBC}") = "3D_game_1", "Assembly-CSharp.csproj", "{23FF865F-1DD1-3355-AB3A-9D4D41D15278}"
EndProject
Project("{FAE04EC0-301F-11D3-BF4B-00C04F79EFBC}") = "3D_game_1", "Assembly-CSharp-Editor.csproj", "{386A8C83-04CB-AD35-2620-F41998B30121}"
EndProject
Global
	GlobalSection(SolutionConfigurationPlatforms) = preSolution
		Debug|Any CPU = Debug|Any CPU
		Release|Any CPU = Release|Any CPU
	EndGlobalSection
	GlobalSection(ProjectConfigurationPlatforms) = postSolution
		{23FF865F-1DD1-3355-AB3A-9D4D41D15278}.Debug|Any CPU.ActiveCfg = Debug|Any CPU
		{23FF865F-1DD1-3355-AB3A-9D4D41D15278}.Debug|Any CPU.Build.0 = Debug|Any CPU
		{23FF865F-1DD1-3355-AB3A-9D4D41D15278}.Release|Any CPU.ActiveCfg = Release|Any CPU
		{23FF865F-1DD1-3355-AB3A-9D4D41D15278}.Release|Any CPU.Build.0 = Release|Any CPU
		{386A8C83-04CB-AD35-2620-F41998B30121}.Debug|Any CPU.ActiveCfg = Debug|Any CPU
		{386A8C83-04CB-AD35-2620-F41998B30121}.Debug|Any CPU.Build.0 = Debug|Any CPU
		{386A8C83-04CB-AD35-2620-F41998B30121}.Release|Any CPU.ActiveCfg = Release|Any CPU
		{386A8C83-04CB-AD35-2620-F41998B30121}.Release|Any CPU.Build.0 = Release|Any CPU
	EndGlobalSection
	GlobalSection(SolutionProperties) = preSolution
		HideSolutionNode = FALSE
	EndGlobalSection
	GlobalSection(MonoDevelopProperties) = preSolution
		StartupItem = Assembly-CSharp.csproj
	EndGlobalSection
EndGlobal
